
Microsoft Visual Studio Solution File, Format Version 12.00
# Visual Studio Version 17
VisualStudioVersion = 17.14.36408.4
MinimumVisualStudioVersion = 10.0.40219.1
Project("{FAE04EC0-301F-11D3-BF4B-00C04F79EFBC}") = "ManagementApp.Web", "ManagementApp.Web\ManagementApp.Web.csproj", "{EE2526E7-D06C-406F-B69A-61AF82F32B1D}"
EndProject
Project("{2150E333-8FDC-42A3-9474-1A3956D46DE8}") = "Web", "Web", "{02EA681E-C7D8-13C7-8484-4AC65E1B71E8}"
EndProject
Project("{2150E333-8FDC-42A3-9474-1A3956D46DE8}") = "Data", "Data", "{F8EBDB36-6DCE-42D7-8819-B5158D197C7B}"
EndProject
Project("{2150E333-8FDC-42A3-9474-1A3956D46DE8}") = "Core", "Core", "{C0231236-FC50-41F2-8F0B-F72EFF098CE3}"
EndProject
Project("{2150E333-8FDC-42A3-9474-1A3956D46DE8}") = "Common", "Common", "{F838C041-A58E-48CA-8990-F4ABCB56BB9D}"
EndProject
Project("{2150E333-8FDC-42A3-9474-1A3956D46DE8}") = "Data", "Data", "{A629C29F-CED0-4285-9910-36B922E5B678}"
EndProject
Project("{2150E333-8FDC-42A3-9474-1A3956D46DE8}") = "Models", "Models", "{D784C597-FC7E-4146-A076-A39615503823}"
EndProject
Project("{FAE04EC0-301F-11D3-BF4B-00C04F79EFBC}") = "ManagementApp.Data", "ManagementApp.Data\ManagementApp.Data.csproj", "{CFCA5C1B-BA61-4853-B56B-2FFACD6FA03F}"
EndProject
Project("{FAE04EC0-301F-11D3-BF4B-00C04F79EFBC}") = "ManagementApp.Data.Models", "ManagementApp.Data.Models\ManagementApp.Data.Models.csproj", "{CD2B047A-0E61-4CEF-B490-816B181F2F26}"
EndProject
Project("{FAE04EC0-301F-11D3-BF4B-00C04F79EFBC}") = "ManagementApp.Common", "ManagementApp.Common\ManagementApp.Common.csproj", "{F6932BDC-058B-4B01-8D0A-A08019ED536E}"
EndProject
Project("{2150E333-8FDC-42A3-9474-1A3956D46DE8}") = "Infrastructure", "Infrastructure", "{90D70024-4F95-436C-949B-7CDFDF9C3A5F}"
EndProject
Project("{FAE04EC0-301F-11D3-BF4B-00C04F79EFBC}") = "ManagementApp.Infrastructure", "ManagementApp.Infrastructure\ManagementApp.Infrastructure.csproj", "{D85F51B1-ACA5-43A3-A1DE-AB6888BC506B}"
EndProject
Project("{2150E333-8FDC-42A3-9474-1A3956D46DE8}") = "ViewModels", "ViewModels", "{E3D26BD4-B186-419F-8F05-D8F060E017CA}"
EndProject
Project("{FAE04EC0-301F-11D3-BF4B-00C04F79EFBC}") = "ManagementApp.Core.ViewModels", "ManagementApp.Core.ViewModels\ManagementApp.Core.ViewModels.csproj", "{EBCA5B07-61DB-455F-9662-E294EDDD1851}"
EndProject
Project("{FAE04EC0-301F-11D3-BF4B-00C04F79EFBC}") = "ManagementApp.Core.Services", "ManagementApp.Core.Services\ManagementApp.Core.Services.csproj", "{02A0104D-E2EB-43D1-A4ED-01EC188AFBCF}"
EndProject
Project("{2150E333-8FDC-42A3-9474-1A3956D46DE8}") = "Services", "Services", "{9ECBF2D9-EE62-494C-A3A8-F91FD3E87DC0}"
EndProject
Global
	GlobalSection(SolutionConfigurationPlatforms) = preSolution
		Debug|Any CPU = Debug|Any CPU
		Release|Any CPU = Release|Any CPU
	EndGlobalSection
	GlobalSection(ProjectConfigurationPlatforms) = postSolution
		{EE2526E7-D06C-406F-B69A-61AF82F32B1D}.Debug|Any CPU.ActiveCfg = Debug|Any CPU
		{EE2526E7-D06C-406F-B69A-61AF82F32B1D}.Debug|Any CPU.Build.0 = Debug|Any CPU
		{EE2526E7-D06C-406F-B69A-61AF82F32B1D}.Release|Any CPU.ActiveCfg = Release|Any CPU
		{EE2526E7-D06C-406F-B69A-61AF82F32B1D}.Release|Any CPU.Build.0 = Release|Any CPU
		{CFCA5C1B-BA61-4853-B56B-2FFACD6FA03F}.Debug|Any CPU.ActiveCfg = Debug|Any CPU
		{CFCA5C1B-BA61-4853-B56B-2FFACD6FA03F}.Debug|Any CPU.Build.0 = Debug|Any CPU
		{CFCA5C1B-BA61-4853-B56B-2FFACD6FA03F}.Release|Any CPU.ActiveCfg = Release|Any CPU
		{CFCA5C1B-BA61-4853-B56B-2FFACD6FA03F}.Release|Any CPU.Build.0 = Release|Any CPU
		{CD2B047A-0E61-4CEF-B490-816B181F2F26}.Debug|Any CPU.ActiveCfg = Debug|Any CPU
		{CD2B047A-0E61-4CEF-B490-816B181F2F26}.Debug|Any CPU.Build.0 = Debug|Any CPU
		{CD2B047A-0E61-4CEF-B490-816B181F2F26}.Release|Any CPU.ActiveCfg = Release|Any CPU
		{CD2B047A-0E61-4CEF-B490-816B181F2F26}.Release|Any CPU.Build.0 = Release|Any CPU
		{F6932BDC-058B-4B01-8D0A-A08019ED536E}.Debug|Any CPU.ActiveCfg = Debug|Any CPU
		{F6932BDC-058B-4B01-8D0A-A08019ED536E}.Debug|Any CPU.Build.0 = Debug|Any CPU
		{F6932BDC-058B-4B01-8D0A-A08019ED536E}.Release|Any CPU.ActiveCfg = Release|Any CPU
		{F6932BDC-058B-4B01-8D0A-A08019ED536E}.Release|Any CPU.Build.0 = Release|Any CPU
		{D85F51B1-ACA5-43A3-A1DE-AB6888BC506B}.Debug|Any CPU.ActiveCfg = Debug|Any CPU
		{D85F51B1-ACA5-43A3-A1DE-AB6888BC506B}.Debug|Any CPU.Build.0 = Debug|Any CPU
		{D85F51B1-ACA5-43A3-A1DE-AB6888BC506B}.Release|Any CPU.ActiveCfg = Release|Any CPU
		{D85F51B1-ACA5-43A3-A1DE-AB6888BC506B}.Release|Any CPU.Build.0 = Release|Any CPU
		{EBCA5B07-61DB-455F-9662-E294EDDD1851}.Debug|Any CPU.ActiveCfg = Debug|Any CPU
		{EBCA5B07-61DB-455F-9662-E294EDDD1851}.Debug|Any CPU.Build.0 = Debug|Any CPU
		{EBCA5B07-61DB-455F-9662-E294EDDD1851}.Release|Any CPU.ActiveCfg = Release|Any CPU
		{EBCA5B07-61DB-455F-9662-E294EDDD1851}.Release|Any CPU.Build.0 = Release|Any CPU
		{02A0104D-E2EB-43D1-A4ED-01EC188AFBCF}.Debug|Any CPU.ActiveCfg = Debug|Any CPU
		{02A0104D-E2EB-43D1-A4ED-01EC188AFBCF}.Debug|Any CPU.Build.0 = Debug|Any CPU
		{02A0104D-E2EB-43D1-A4ED-01EC188AFBCF}.Release|Any CPU.ActiveCfg = Release|Any CPU
		{02A0104D-E2EB-43D1-A4ED-01EC188AFBCF}.Release|Any CPU.Build.0 = Release|Any CPU
	EndGlobalSection
	GlobalSection(SolutionProperties) = preSolution
		HideSolutionNode = FALSE
	EndGlobalSection
	GlobalSection(NestedProjects) = preSolution
		{EE2526E7-D06C-406F-B69A-61AF82F32B1D} = {02EA681E-C7D8-13C7-8484-4AC65E1B71E8}
		{A629C29F-CED0-4285-9910-36B922E5B678} = {F8EBDB36-6DCE-42D7-8819-B5158D197C7B}
		{D784C597-FC7E-4146-A076-A39615503823} = {F8EBDB36-6DCE-42D7-8819-B5158D197C7B}
		{CFCA5C1B-BA61-4853-B56B-2FFACD6FA03F} = {A629C29F-CED0-4285-9910-36B922E5B678}
		{CD2B047A-0E61-4CEF-B490-816B181F2F26} = {D784C597-FC7E-4146-A076-A39615503823}
		{F6932BDC-058B-4B01-8D0A-A08019ED536E} = {F838C041-A58E-48CA-8990-F4ABCB56BB9D}
		{D85F51B1-ACA5-43A3-A1DE-AB6888BC506B} = {90D70024-4F95-436C-949B-7CDFDF9C3A5F}
		{E3D26BD4-B186-419F-8F05-D8F060E017CA} = {C0231236-FC50-41F2-8F0B-F72EFF098CE3}
		{EBCA5B07-61DB-455F-9662-E294EDDD1851} = {E3D26BD4-B186-419F-8F05-D8F060E017CA}
		{02A0104D-E2EB-43D1-A4ED-01EC188AFBCF} = {9ECBF2D9-EE62-494C-A3A8-F91FD3E87DC0}
		{9ECBF2D9-EE62-494C-A3A8-F91FD3E87DC0} = {C0231236-FC50-41F2-8F0B-F72EFF098CE3}
	EndGlobalSection
	GlobalSection(ExtensibilityGlobals) = postSolution
		SolutionGuid = {C649F7C1-9F88-4891-AAA6-F49B41086672}
	EndGlobalSection
EndGlobal
